
Microsoft Visual Studio Solution File, Format Version 12.00
# Visual Studio Version 17
VisualStudioVersion = 17.10.34916.146
MinimumVisualStudioVersion = 10.0.40219.1
Project("{FAE04EC0-301F-11D3-BF4B-00C04F79EFBC}") = "EXAMEN_APIREST", "EXAMEN_APIREST\EXAMEN_APIREST.csproj", "{B0491281-2022-40BD-9F34-26D36E0B53B1}"
EndProject
Global
	GlobalSection(SolutionConfigurationPlatforms) = preSolution
		Debug|Any CPU = Debug|Any CPU
		Release|Any CPU = Release|Any CPU
	EndGlobalSection
	GlobalSection(ProjectConfigurationPlatforms) = postSolution
		{B0491281-2022-40BD-9F34-26D36E0B53B1}.Debug|Any CPU.ActiveCfg = Debug|Any CPU
		{B0491281-2022-40BD-9F34-26D36E0B53B1}.Debug|Any CPU.Build.0 = Debug|Any CPU
		{B0491281-2022-40BD-9F34-26D36E0B53B1}.Release|Any CPU.ActiveCfg = Release|Any CPU
		{B0491281-2022-40BD-9F34-26D36E0B53B1}.Release|Any CPU.Build.0 = Release|Any CPU
	EndGlobalSection
	GlobalSection(SolutionProperties) = preSolution
		HideSolutionNode = FALSE
	EndGlobalSection
	GlobalSection(ExtensibilityGlobals) = postSolution
		SolutionGuid = {931CE046-9C37-4454-B5B0-867377E232D9}
	EndGlobalSection
EndGlobal
